
Microsoft Visual Studio Solution File, Format Version 12.00
# Visual Studio Version 17
VisualStudioVersion = 17.5.33414.496
MinimumVisualStudioVersion = 10.0.40219.1
Project("{FAE04EC0-301F-11D3-BF4B-00C04F79EFBC}") = "Csharp-method", "Csharp-method\Csharp-method.csproj", "{9EB35936-C729-4F31-8B1D-DCF17046BD9F}"
EndProject
Global
	GlobalSection(SolutionConfigurationPlatforms) = preSolution
		Debug|Any CPU = Debug|Any CPU
		Release|Any CPU = Release|Any CPU
	EndGlobalSection
	GlobalSection(ProjectConfigurationPlatforms) = postSolution
		{9EB35936-C729-4F31-8B1D-DCF17046BD9F}.Debug|Any CPU.ActiveCfg = Debug|Any CPU
		{9EB35936-C729-4F31-8B1D-DCF17046BD9F}.Debug|Any CPU.Build.0 = Debug|Any CPU
		{9EB35936-C729-4F31-8B1D-DCF17046BD9F}.Release|Any CPU.ActiveCfg = Release|Any CPU
		{9EB35936-C729-4F31-8B1D-DCF17046BD9F}.Release|Any CPU.Build.0 = Release|Any CPU
	EndGlobalSection
	GlobalSection(SolutionProperties) = preSolution
		HideSolutionNode = FALSE
	EndGlobalSection
	GlobalSection(ExtensibilityGlobals) = postSolution
		SolutionGuid = {0A234962-958D-4037-827F-91D16EA9E992}
	EndGlobalSection
EndGlobal
